
Microsoft Visual Studio Solution File, Format Version 11.00
# Visual Studio 2010
Project("{FAE04EC0-301F-11D3-BF4B-00C04F79EFBC}") = "Polygon Editor", "Assembly-CSharp.csproj", "{C060EF5B-D2C6-00CE-68F1-5C5A3FFFB6F0}"
EndProject
Project("{FAE04EC0-301F-11D3-BF4B-00C04F79EFBC}") = "Polygon Editor", "Assembly-CSharp-Editor.csproj", "{2605DCB6-C52E-D504-A802-86B8F6E7EE06}"
EndProject
Global
	GlobalSection(SolutionConfigurationPlatforms) = preSolution
		Debug|Any CPU = Debug|Any CPU
		Release|Any CPU = Release|Any CPU
	EndGlobalSection
	GlobalSection(ProjectConfigurationPlatforms) = postSolution
		{C060EF5B-D2C6-00CE-68F1-5C5A3FFFB6F0}.Debug|Any CPU.ActiveCfg = Debug|Any CPU
		{C060EF5B-D2C6-00CE-68F1-5C5A3FFFB6F0}.Debug|Any CPU.Build.0 = Debug|Any CPU
		{C060EF5B-D2C6-00CE-68F1-5C5A3FFFB6F0}.Release|Any CPU.ActiveCfg = Release|Any CPU
		{C060EF5B-D2C6-00CE-68F1-5C5A3FFFB6F0}.Release|Any CPU.Build.0 = Release|Any CPU
		{2605DCB6-C52E-D504-A802-86B8F6E7EE06}.Debug|Any CPU.ActiveCfg = Debug|Any CPU
		{2605DCB6-C52E-D504-A802-86B8F6E7EE06}.Debug|Any CPU.Build.0 = Debug|Any CPU
		{2605DCB6-C52E-D504-A802-86B8F6E7EE06}.Release|Any CPU.ActiveCfg = Release|Any CPU
		{2605DCB6-C52E-D504-A802-86B8F6E7EE06}.Release|Any CPU.Build.0 = Release|Any CPU
	EndGlobalSection
	GlobalSection(SolutionProperties) = preSolution
		HideSolutionNode = FALSE
	EndGlobalSection
	GlobalSection(MonoDevelopProperties) = preSolution
		StartupItem = Assembly-CSharp.csproj
	EndGlobalSection
EndGlobal
